
Microsoft Visual Studio Solution File, Format Version 12.00
# Visual Studio 15
VisualStudioVersion = 15.0.28307.168
MinimumVisualStudioVersion = 10.0.40219.1
Project("{FAE04EC0-301F-11D3-BF4B-00C04F79EFBC}") = "Restaurant", "Restaurant\Restaurant.csproj", "{535A34F3-1C67-4FB3-B44D-185E3DB9C749}"
EndProject
Global
	GlobalSection(SolutionConfigurationPlatforms) = preSolution
		Debug|Any CPU = Debug|Any CPU
		Release|Any CPU = Release|Any CPU
	EndGlobalSection
	GlobalSection(ProjectConfigurationPlatforms) = postSolution
		{535A34F3-1C67-4FB3-B44D-185E3DB9C749}.Debug|Any CPU.ActiveCfg = Debug|Any CPU
		{535A34F3-1C67-4FB3-B44D-185E3DB9C749}.Debug|Any CPU.Build.0 = Debug|Any CPU
		{535A34F3-1C67-4FB3-B44D-185E3DB9C749}.Release|Any CPU.ActiveCfg = Release|Any CPU
		{535A34F3-1C67-4FB3-B44D-185E3DB9C749}.Release|Any CPU.Build.0 = Release|Any CPU
	EndGlobalSection
	GlobalSection(SolutionProperties) = preSolution
		HideSolutionNode = FALSE
	EndGlobalSection
	GlobalSection(ExtensibilityGlobals) = postSolution
		SolutionGuid = {8BF9AAFC-6B18-4D86-B68A-407A2049B1D8}
	EndGlobalSection
EndGlobal
